
Microsoft Visual Studio Solution File, Format Version 12.00
# Visual Studio Version 16
VisualStudioVersion = 16.0.32413.511
MinimumVisualStudioVersion = 10.0.40219.1
Project("{FAE04EC0-301F-11D3-BF4B-00C04F79EFBC}") = "PSI1620M_GiuliaTorres_2220119_PROJETO", "PSI1620M_GiuliaTorres_2220119_PROJETO\PSI1620M_GiuliaTorres_2220119_PROJETO.csproj", "{024085B6-31E3-4431-AA19-DB9EE5C8A91E}"
EndProject
Global
	GlobalSection(SolutionConfigurationPlatforms) = preSolution
		Debug|Any CPU = Debug|Any CPU
		Release|Any CPU = Release|Any CPU
	EndGlobalSection
	GlobalSection(ProjectConfigurationPlatforms) = postSolution
		{024085B6-31E3-4431-AA19-DB9EE5C8A91E}.Debug|Any CPU.ActiveCfg = Debug|Any CPU
		{024085B6-31E3-4431-AA19-DB9EE5C8A91E}.Debug|Any CPU.Build.0 = Debug|Any CPU
		{024085B6-31E3-4431-AA19-DB9EE5C8A91E}.Release|Any CPU.ActiveCfg = Release|Any CPU
		{024085B6-31E3-4431-AA19-DB9EE5C8A91E}.Release|Any CPU.Build.0 = Release|Any CPU
	EndGlobalSection
	GlobalSection(SolutionProperties) = preSolution
		HideSolutionNode = FALSE
	EndGlobalSection
	GlobalSection(ExtensibilityGlobals) = postSolution
		SolutionGuid = {E82DA30D-743F-4103-A486-6C84DE781036}
	EndGlobalSection
EndGlobal
